
Microsoft Visual Studio Solution File, Format Version 12.00
# Visual Studio 15
VisualStudioVersion = 15.0.27520.0
MinimumVisualStudioVersion = 10.0.40219.1
Project("{FAE04EC0-301F-11D3-BF4B-00C04F79EFBC}") = "TeamLab.Distributore.ConsoleApp", "TeamLab.Distributore.ConsoleApp\TeamLab.Distributore.ConsoleApp.csproj", "{3E1EE73B-1838-477B-8BEB-C6578C138C97}"
EndProject
Global
	GlobalSection(SolutionConfigurationPlatforms) = preSolution
		Debug|Any CPU = Debug|Any CPU
		Release|Any CPU = Release|Any CPU
	EndGlobalSection
	GlobalSection(ProjectConfigurationPlatforms) = postSolution
		{3E1EE73B-1838-477B-8BEB-C6578C138C97}.Debug|Any CPU.ActiveCfg = Debug|Any CPU
		{3E1EE73B-1838-477B-8BEB-C6578C138C97}.Debug|Any CPU.Build.0 = Debug|Any CPU
		{3E1EE73B-1838-477B-8BEB-C6578C138C97}.Release|Any CPU.ActiveCfg = Release|Any CPU
		{3E1EE73B-1838-477B-8BEB-C6578C138C97}.Release|Any CPU.Build.0 = Release|Any CPU
	EndGlobalSection
	GlobalSection(SolutionProperties) = preSolution
		HideSolutionNode = FALSE
	EndGlobalSection
	GlobalSection(ExtensibilityGlobals) = postSolution
		SolutionGuid = {B12CD6F1-32AE-44B2-87CB-E914F33711C4}
	EndGlobalSection
EndGlobal
